// !$*UTF8*$!
{
	archiveVersion = 1;
	classes = {
	};
	objectVersion = 46;
	objects = {

/* Begin PBXBuildFile section */
		493EF58619A9B04A0047A96B /* Foundation.framework in Frameworks */ = {isa = PBXBuildFile; fileRef = 493EF58519A9B04A0047A96B /* Foundation.framework */; };
		493EF58819A9B04A0047A96B /* CoreGraphics.framework in Frameworks */ = {isa = PBXBuildFile; fileRef = 493EF58719A9B04A0047A96B /* CoreGraphics.framework */; };
		493EF58A19A9B04A0047A96B /* UIKit.framework in Frameworks */ = {isa = PBXBuildFile; fileRef = 493EF58919A9B04A0047A96B /* UIKit.framework */; };
		493EF58C19A9B04A0047A96B /* CoreData.framework in Frameworks */ = {isa = PBXBuildFile; fileRef = 493EF58B19A9B04A0047A96B /* CoreData.framework */; };
		493EF59219A9B04A0047A96B /* InfoPlist.strings in Resources */ = {isa = PBXBuildFile; fileRef = 493EF59019A9B04A0047A96B /* InfoPlist.strings */; };
		493EF59419A9B04A0047A96B /* main.m in Sources */ = {isa = PBXBuildFile; fileRef = 493EF59319A9B04A0047A96B /* main.m */; };
		493EF59819A9B04A0047A96B /* AppDelegate.m in Sources */ = {isa = PBXBuildFile; fileRef = 493EF59719A9B04A0047A96B /* AppDelegate.m */; };
		493EF59B19A9B04A0047A96B /* Main_iPhone.storyboard in Resources */ = {isa = PBXBuildFile; fileRef = 493EF59919A9B04A0047A96B /* Main_iPhone.storyboard */; };
		493EF5A119A9B04A0047A96B /* Beacon_Party.xcdatamodeld in Sources */ = {isa = PBXBuildFile; fileRef = 493EF59F19A9B04A0047A96B /* Beacon_Party.xcdatamodeld */; };
		493EF5A419A9B04A0047A96B /* MasterViewController.m in Sources */ = {isa = PBXBuildFile; fileRef = 493EF5A319A9B04A0047A96B /* MasterViewController.m */; };
		493EF5A919A9B04A0047A96B /* Images.xcassets in Resources */ = {isa = PBXBuildFile; fileRef = 493EF5A819A9B04A0047A96B /* Images.xcassets */; };
		493EF5B019A9B04A0047A96B /* XCTest.framework in Frameworks */ = {isa = PBXBuildFile; fileRef = 493EF5AF19A9B04A0047A96B /* XCTest.framework */; };
		493EF5B119A9B04A0047A96B /* Foundation.framework in Frameworks */ = {isa = PBXBuildFile; fileRef = 493EF58519A9B04A0047A96B /* Foundation.framework */; };
		493EF5B219A9B04A0047A96B /* UIKit.framework in Frameworks */ = {isa = PBXBuildFile; fileRef = 493EF58919A9B04A0047A96B /* UIKit.framework */; };
		493EF5B319A9B04A0047A96B /* CoreData.framework in Frameworks */ = {isa = PBXBuildFile; fileRef = 493EF58B19A9B04A0047A96B /* CoreData.framework */; };
		493EF5BB19A9B04A0047A96B /* InfoPlist.strings in Resources */ = {isa = PBXBuildFile; fileRef = 493EF5B919A9B04A0047A96B /* InfoPlist.strings */; };
		493EF5BD19A9B04A0047A96B /* Beacon_PartyTests.m in Sources */ = {isa = PBXBuildFile; fileRef = 493EF5BC19A9B04A0047A96B /* Beacon_PartyTests.m */; };
		493EF5C819A9B0730047A96B /* OMDBeaconParty.m in Sources */ = {isa = PBXBuildFile; fileRef = 493EF5C719A9B0730047A96B /* OMDBeaconParty.m */; };
/* End PBXBuildFile section */

/* Begin PBXContainerItemProxy section */
		493EF5B419A9B04A0047A96B /* PBXContainerItemProxy */ = {
			isa = PBXContainerItemProxy;
			containerPortal = 493EF57A19A9B04A0047A96B /* Project object */;
			proxyType = 1;
			remoteGlobalIDString = 493EF58119A9B04A0047A96B;
			remoteInfo = "Beacon Party";
		};
/* End PBXContainerItemProxy section */

/* Begin PBXFileReference section */
		4915F93619B0268500577FAD /* Debug.h */ = {isa = PBXFileReference; fileEncoding = 4; lastKnownFileType = sourcecode.c.h; path = Debug.h; sourceTree = "<group>"; };
		493EF58219A9B04A0047A96B /* Beacon Party.app */ = {isa = PBXFileReference; explicitFileType = wrapper.application; includeInIndex = 0; path = "Beacon Party.app"; sourceTree = BUILT_PRODUCTS_DIR; };
		493EF58519A9B04A0047A96B /* Foundation.framework */ = {isa = PBXFileReference; lastKnownFileType = wrapper.framework; name = Foundation.framework; path = System/Library/Frameworks/Foundation.framework; sourceTree = SDKROOT; };
		493EF58719A9B04A0047A96B /* CoreGraphics.framework */ = {isa = PBXFileReference; lastKnownFileType = wrapper.framework; name = CoreGraphics.framework; path = System/Library/Frameworks/CoreGraphics.framework; sourceTree = SDKROOT; };
		493EF58919A9B04A0047A96B /* UIKit.framework */ = {isa = PBXFileReference; lastKnownFileType = wrapper.framework; name = UIKit.framework; path = System/Library/Frameworks/UIKit.framework; sourceTree = SDKROOT; };
		493EF58B19A9B04A0047A96B /* CoreData.framework */ = {isa = PBXFileReference; lastKnownFileType = wrapper.framework; name = CoreData.framework; path = System/Library/Frameworks/CoreData.framework; sourceTree = SDKROOT; };
		493EF58F19A9B04A0047A96B /* Beacon Party-Info.plist */ = {isa = PBXFileReference; lastKnownFileType = text.plist.xml; path = "Beacon Party-Info.plist"; sourceTree = "<group>"; };
		493EF59119A9B04A0047A96B /* en */ = {isa = PBXFileReference; lastKnownFileType = text.plist.strings; name = en; path = en.lproj/InfoPlist.strings; sourceTree = "<group>"; };
		493EF59319A9B04A0047A96B /* main.m */ = {isa = PBXFileReference; lastKnownFileType = sourcecode.c.objc; path = main.m; sourceTree = "<group>"; };
		493EF59519A9B04A0047A96B /* Beacon Party-Prefix.pch */ = {isa = PBXFileReference; lastKnownFileType = sourcecode.c.h; path = "Beacon Party-Prefix.pch"; sourceTree = "<group>"; };
		493EF59619A9B04A0047A96B /* AppDelegate.h */ = {isa = PBXFileReference; lastKnownFileType = sourcecode.c.h; path = AppDelegate.h; sourceTree = "<group>"; };
		493EF59719A9B04A0047A96B /* AppDelegate.m */ = {isa = PBXFileReference; lastKnownFileType = sourcecode.c.objc; path = AppDelegate.m; sourceTree = "<group>"; };
		493EF59A19A9B04A0047A96B /* Base */ = {isa = PBXFileReference; lastKnownFileType = file.storyboard; name = Base; path = Base.lproj/Main_iPhone.storyboard; sourceTree = "<group>"; };
		493EF5A019A9B04A0047A96B /* Beacon_Party.xcdatamodel */ = {isa = PBXFileReference; lastKnownFileType = wrapper.xcdatamodel; path = Beacon_Party.xcdatamodel; sourceTree = "<group>"; };
		493EF5A219A9B04A0047A96B /* MasterViewController.h */ = {isa = PBXFileReference; lastKnownFileType = sourcecode.c.h; path = MasterViewController.h; sourceTree = "<group>"; };
		493EF5A319A9B04A0047A96B /* MasterViewController.m */ = {isa = PBXFileReference; lastKnownFileType = sourcecode.c.objc; path = MasterViewController.m; sourceTree = "<group>"; };
		493EF5A819A9B04A0047A96B /* Images.xcassets */ = {isa = PBXFileReference; lastKnownFileType = folder.assetcatalog; path = Images.xcassets; sourceTree = "<group>"; };
		493EF5AE19A9B04A0047A96B /* Beacon PartyTests.xctest */ = {isa = PBXFileReference; explicitFileType = wrapper.cfbundle; includeInIndex = 0; path = "Beacon PartyTests.xctest"; sourceTree = BUILT_PRODUCTS_DIR; };
		493EF5AF19A9B04A0047A96B /* XCTest.framework */ = {isa = PBXFileReference; lastKnownFileType = wrapper.framework; name = XCTest.framework; path = Library/Frameworks/XCTest.framework; sourceTree = DEVELOPER_DIR; };
		493EF5B819A9B04A0047A96B /* Beacon PartyTests-Info.plist */ = {isa = PBXFileReference; lastKnownFileType = text.plist.xml; path = "Beacon PartyTests-Info.plist"; sourceTree = "<group>"; };
		493EF5BA19A9B04A0047A96B /* en */ = {isa = PBXFileReference; lastKnownFileType = text.plist.strings; name = en; path = en.lproj/InfoPlist.strings; sourceTree = "<group>"; };
		493EF5BC19A9B04A0047A96B /* Beacon_PartyTests.m */ = {isa = PBXFileReference; lastKnownFileType = sourcecode.c.objc; path = Beacon_PartyTests.m; sourceTree = "<group>"; };
		493EF5C619A9B0730047A96B /* OMDBeaconParty.h */ = {isa = PBXFileReference; fileEncoding = 4; lastKnownFileType = sourcecode.c.h; path = OMDBeaconParty.h; sourceTree = "<group>"; };
		493EF5C719A9B0730047A96B /* OMDBeaconParty.m */ = {isa = PBXFileReference; fileEncoding = 4; lastKnownFileType = sourcecode.c.objc; path = OMDBeaconParty.m; sourceTree = "<group>"; };
/* End PBXFileReference section */

/* Begin PBXFrameworksBuildPhase section */
		493EF57F19A9B04A0047A96B /* Frameworks */ = {
			isa = PBXFrameworksBuildPhase;
			buildActionMask = 2147483647;
			files = (
				493EF58819A9B04A0047A96B /* CoreGraphics.framework in Frameworks */,
				493EF58C19A9B04A0047A96B /* CoreData.framework in Frameworks */,
				493EF58A19A9B04A0047A96B /* UIKit.framework in Frameworks */,
				493EF58619A9B04A0047A96B /* Foundation.framework in Frameworks */,
			);
			runOnlyForDeploymentPostprocessing = 0;
		};
		493EF5AB19A9B04A0047A96B /* Frameworks */ = {
			isa = PBXFrameworksBuildPhase;
			buildActionMask = 2147483647;
			files = (
				493EF5B019A9B04A0047A96B /* XCTest.framework in Frameworks */,
				493EF5B319A9B04A0047A96B /* CoreData.framework in Frameworks */,
				493EF5B219A9B04A0047A96B /* UIKit.framework in Frameworks */,
				493EF5B119A9B04A0047A96B /* Foundation.framework in Frameworks */,
			);
			runOnlyForDeploymentPostprocessing = 0;
		};
/* End PBXFrameworksBuildPhase section */

/* Begin PBXGroup section */
		493EF57919A9B04A0047A96B = {
			isa = PBXGroup;
			children = (
				493EF58D19A9B04A0047A96B /* Beacon Party */,
				493EF5B619A9B04A0047A96B /* Beacon PartyTests */,
				493EF58419A9B04A0047A96B /* Frameworks */,
				493EF58319A9B04A0047A96B /* Products */,
			);
			sourceTree = "<group>";
		};
		493EF58319A9B04A0047A96B /* Products */ = {
			isa = PBXGroup;
			children = (
				493EF58219A9B04A0047A96B /* Beacon Party.app */,
				493EF5AE19A9B04A0047A96B /* Beacon PartyTests.xctest */,
			);
			name = Products;
			sourceTree = "<group>";
		};
		493EF58419A9B04A0047A96B /* Frameworks */ = {
			isa = PBXGroup;
			children = (
				493EF58519A9B04A0047A96B /* Foundation.framework */,
				493EF58719A9B04A0047A96B /* CoreGraphics.framework */,
				493EF58919A9B04A0047A96B /* UIKit.framework */,
				493EF58B19A9B04A0047A96B /* CoreData.framework */,
				493EF5AF19A9B04A0047A96B /* XCTest.framework */,
			);
			name = Frameworks;
			sourceTree = "<group>";
		};
		493EF58D19A9B04A0047A96B /* Beacon Party */ = {
			isa = PBXGroup;
			children = (
				493EF59619A9B04A0047A96B /* AppDelegate.h */,
				493EF59719A9B04A0047A96B /* AppDelegate.m */,
				493EF59919A9B04A0047A96B /* Main_iPhone.storyboard */,
				493EF5A219A9B04A0047A96B /* MasterViewController.h */,
				493EF5A319A9B04A0047A96B /* MasterViewController.m */,
				493EF5A819A9B04A0047A96B /* Images.xcassets */,
				493EF59F19A9B04A0047A96B /* Beacon_Party.xcdatamodeld */,
				493EF58E19A9B04A0047A96B /* Supporting Files */,
				493EF5C619A9B0730047A96B /* OMDBeaconParty.h */,
				493EF5C719A9B0730047A96B /* OMDBeaconParty.m */,
				4915F93619B0268500577FAD /* Debug.h */,
			);
			path = "Beacon Party";
			sourceTree = "<group>";
		};
		493EF58E19A9B04A0047A96B /* Supporting Files */ = {
			isa = PBXGroup;
			children = (
				493EF58F19A9B04A0047A96B /* Beacon Party-Info.plist */,
				493EF59019A9B04A0047A96B /* InfoPlist.strings */,
				493EF59319A9B04A0047A96B /* main.m */,
				493EF59519A9B04A0047A96B /* Beacon Party-Prefix.pch */,
			);
			name = "Supporting Files";
			sourceTree = "<group>";
		};
		493EF5B619A9B04A0047A96B /* Beacon PartyTests */ = {
			isa = PBXGroup;
			children = (
				493EF5BC19A9B04A0047A96B /* Beacon_PartyTests.m */,
				493EF5B719A9B04A0047A96B /* Supporting Files */,
			);
			path = "Beacon PartyTests";
			sourceTree = "<group>";
		};
		493EF5B719A9B04A0047A96B /* Supporting Files */ = {
			isa = PBXGroup;
			children = (
				493EF5B819A9B04A0047A96B /* Beacon PartyTests-Info.plist */,
				493EF5B919A9B04A0047A96B /* InfoPlist.strings */,
			);
			name = "Supporting Files";
			sourceTree = "<group>";
		};
/* End PBXGroup section */

/* Begin PBXNativeTarget section */
		493EF58119A9B04A0047A96B /* Beacon Party */ = {
			isa = PBXNativeTarget;
			buildConfigurationList = 493EF5C019A9B04A0047A96B /* Build configuration list for PBXNativeTarget "Beacon Party" */;
			buildPhases = (
				493EF57E19A9B04A0047A96B /* Sources */,
				493EF57F19A9B04A0047A96B /* Frameworks */,
				493EF58019A9B04A0047A96B /* Resources */,
			);
			buildRules = (
			);
			dependencies = (
			);
			name = "Beacon Party";
			productName = "Beacon Party";
			productReference = 493EF58219A9B04A0047A96B /* Beacon Party.app */;
			productType = "com.apple.product-type.application";
		};
		493EF5AD19A9B04A0047A96B /* Beacon PartyTests */ = {
			isa = PBXNativeTarget;
			buildConfigurationList = 493EF5C319A9B04A0047A96B /* Build configuration list for PBXNativeTarget "Beacon PartyTests" */;
			buildPhases = (
				493EF5AA19A9B04A0047A96B /* Sources */,
				493EF5AB19A9B04A0047A96B /* Frameworks */,
				493EF5AC19A9B04A0047A96B /* Resources */,
			);
			buildRules = (
			);
			dependencies = (
				493EF5B519A9B04A0047A96B /* PBXTargetDependency */,
			);
			name = "Beacon PartyTests";
			productName = "Beacon PartyTests";
			productReference = 493EF5AE19A9B04A0047A96B /* Beacon PartyTests.xctest */;
			productType = "com.apple.product-type.bundle.unit-test";
		};
/* End PBXNativeTarget section */

/* Begin PBXProject section */
		493EF57A19A9B04A0047A96B /* Project object */ = {
			isa = PBXProject;
			attributes = {
				LastUpgradeCheck = 0510;
				ORGANIZATIONNAME = "Neel Banerjee";
				TargetAttributes = {
					493EF58119A9B04A0047A96B = {
						DevelopmentTeam = 4JET52VPJB;
					};
					493EF5AD19A9B04A0047A96B = {
						TestTargetID = 493EF58119A9B04A0047A96B;
					};
				};
			};
			buildConfigurationList = 493EF57D19A9B04A0047A96B /* Build configuration list for PBXProject "Beacon Party" */;
			compatibilityVersion = "Xcode 3.2";
			developmentRegion = English;
			hasScannedForEncodings = 0;
			knownRegions = (
				en,
				Base,
			);
			mainGroup = 493EF57919A9B04A0047A96B;
			productRefGroup = 493EF58319A9B04A0047A96B /* Products */;
			projectDirPath = "";
			projectRoot = "";
			targets = (
				493EF58119A9B04A0047A96B /* Beacon Party */,
				493EF5AD19A9B04A0047A96B /* Beacon PartyTests */,
			);
		};
/* End PBXProject section */

/* Begin PBXResourcesBuildPhase section */
		493EF58019A9B04A0047A96B /* Resources */ = {
			isa = PBXResourcesBuildPhase;
			buildActionMask = 2147483647;
			files = (
				493EF5A919A9B04A0047A96B /* Images.xcassets in Resources */,
				493EF59B19A9B04A0047A96B /* Main_iPhone.storyboard in Resources */,
				493EF59219A9B04A0047A96B /* InfoPlist.strings in Resources */,
			);
			runOnlyForDeploymentPostprocessing = 0;
		};
		493EF5AC19A9B04A0047A96B /* Resources */ = {
			isa = PBXResourcesBuildPhase;
			buildActionMask = 2147483647;
			files = (
				493EF5BB19A9B04A0047A96B /* InfoPlist.strings in Resources */,
			);
			runOnlyForDeploymentPostprocessing = 0;
		};
/* End PBXResourcesBuildPhase section */

/* Begin PBXSourcesBuildPhase section */
		493EF57E19A9B04A0047A96B /* Sources */ = {
			isa = PBXSourcesBuildPhase;
			buildActionMask = 2147483647;
			files = (
				493EF5A419A9B04A0047A96B /* MasterViewController.m in Sources */,
				493EF5A119A9B04A0047A96B /* Beacon_Party.xcdatamodeld in Sources */,
				493EF59819A9B04A0047A96B /* AppDelegate.m in Sources */,
				493EF59419A9B04A0047A96B /* main.m in Sources */,
				493EF5C819A9B0730047A96B /* OMDBeaconParty.m in Sources */,
			);
			runOnlyForDeploymentPostprocessing = 0;
		};
		493EF5AA19A9B04A0047A96B /* Sources */ = {
			isa = PBXSourcesBuildPhase;
			buildActionMask = 2147483647;
			files = (
				493EF5BD19A9B04A0047A96B /* Beacon_PartyTests.m in Sources */,
			);
			runOnlyForDeploymentPostprocessing = 0;
		};
/* End PBXSourcesBuildPhase section */

/* Begin PBXTargetDependency section */
		493EF5B519A9B04A0047A96B /* PBXTargetDependency */ = {
			isa = PBXTargetDependency;
			target = 493EF58119A9B04A0047A96B /* Beacon Party */;
			targetProxy = 493EF5B419A9B04A0047A96B /* PBXContainerItemProxy */;
		};
/* End PBXTargetDependency section */

/* Begin PBXVariantGroup section */
		493EF59019A9B04A0047A96B /* InfoPlist.strings */ = {
			isa = PBXVariantGroup;
			children = (
				493EF59119A9B04A0047A96B /* en */,
			);
			name = InfoPlist.strings;
			sourceTree = "<group>";
		};
		493EF59919A9B04A0047A96B /* Main_iPhone.storyboard */ = {
			isa = PBXVariantGroup;
			children = (
				493EF59A19A9B04A0047A96B /* Base */,
			);
			name = Main_iPhone.storyboard;
			sourceTree = "<group>";
		};
		493EF5B919A9B04A0047A96B /* InfoPlist.strings */ = {
			isa = PBXVariantGroup;
			children = (
				493EF5BA19A9B04A0047A96B /* en */,
			);
			name = InfoPlist.strings;
			sourceTree = "<group>";
		};
/* End PBXVariantGroup section */

/* Begin XCBuildConfiguration section */
		493EF5BE19A9B04A0047A96B /* Debug */ = {
			isa = XCBuildConfiguration;
			buildSettings = {
				ALWAYS_SEARCH_USER_PATHS = NO;
				CLANG_CXX_LANGUAGE_STANDARD = "gnu++0x";
				CLANG_CXX_LIBRARY = "libc++";
				CLANG_ENABLE_MODULES = YES;
				CLANG_ENABLE_OBJC_ARC = YES;
				CLANG_WARN_BOOL_CONVERSION = YES;
				CLANG_WARN_CONSTANT_CONVERSION = YES;
				CLANG_WARN_DIRECT_OBJC_ISA_USAGE = YES_ERROR;
				CLANG_WARN_EMPTY_BODY = YES;
				CLANG_WARN_ENUM_CONVERSION = YES;
				CLANG_WARN_INT_CONVERSION = YES;
				CLANG_WARN_OBJC_ROOT_CLASS = YES_ERROR;
				CLANG_WARN__DUPLICATE_METHOD_MATCH = YES;
				"CODE_SIGN_IDENTITY[sdk=iphoneos*]" = "iPhone Developer";
				COPY_PHASE_STRIP = NO;
				GCC_C_LANGUAGE_STANDARD = gnu99;
				GCC_DYNAMIC_NO_PIC = NO;
				GCC_OPTIMIZATION_LEVEL = 0;
				GCC_PREPROCESSOR_DEFINITIONS = (
					"DEBUG=1",
					"$(inherited)",
				);
				GCC_SYMBOLS_PRIVATE_EXTERN = NO;
				GCC_WARN_64_TO_32_BIT_CONVERSION = YES;
				GCC_WARN_ABOUT_RETURN_TYPE = YES_ERROR;
				GCC_WARN_UNDECLARED_SELECTOR = YES;
				GCC_WARN_UNINITIALIZED_AUTOS = YES_AGGRESSIVE;
				GCC_WARN_UNUSED_FUNCTION = YES;
				GCC_WARN_UNUSED_VARIABLE = YES;
				IPHONEOS_DEPLOYMENT_TARGET = 7.1;
				ONLY_ACTIVE_ARCH = YES;
				SDKROOT = iphoneos;
				TARGETED_DEVICE_FAMILY = "1,2";
			};
			name = Debug;
		};
		493EF5BF19A9B04A0047A96B /* Release */ = {
			isa = XCBuildConfiguration;
			buildSettings = {
				ALWAYS_SEARCH_USER_PATHS = NO;
				CLANG_CXX_LANGUAGE_STANDARD = "gnu++0x";
				CLANG_CXX_LIBRARY = "libc++";
				CLANG_ENABLE_MODULES = YES;
				CLANG_ENABLE_OBJC_ARC = YES;
				CLANG_WARN_BOOL_CONVERSION = YES;
				CLANG_WARN_CONSTANT_CONVERSION = YES;
				CLANG_WARN_DIRECT_OBJC_ISA_USAGE = YES_ERROR;
				CLANG_WARN_EMPTY_BODY = YES;
				CLANG_WARN_ENUM_CONVERSION = YES;
				CLANG_WARN_INT_CONVERSION = YES;
				CLANG_WARN_OBJC_ROOT_CLASS = YES_ERROR;
				CLANG_WARN__DUPLICATE_METHOD_MATCH = YES;
				"CODE_SIGN_IDENTITY[sdk=iphoneos*]" = "iPhone Developer";
				COPY_PHASE_STRIP = YES;
				ENABLE_NS_ASSERTIONS = NO;
				GCC_C_LANGUAGE_STANDARD = gnu99;
				GCC_WARN_64_TO_32_BIT_CONVERSION = YES;
				GCC_WARN_ABOUT_RETURN_TYPE = YES_ERROR;
				GCC_WARN_UNDECLARED_SELECTOR = YES;
				GCC_WARN_UNINITIALIZED_AUTOS = YES_AGGRESSIVE;
				GCC_WARN_UNUSED_FUNCTION = YES;
				GCC_WARN_UNUSED_VARIABLE = YES;
				IPHONEOS_DEPLOYMENT_TARGET = 7.1;
				SDKROOT = iphoneos;
				TARGETED_DEVICE_FAMILY = "1,2";
				VALIDATE_PRODUCT = YES;
			};
			name = Release;
		};
		493EF5C119A9B04A0047A96B /* Debug */ = {
			isa = XCBuildConfiguration;
			buildSettings = {
				ASSETCATALOG_COMPILER_APPICON_NAME = AppIcon;
				ASSETCATALOG_COMPILER_LAUNCHIMAGE_NAME = LaunchImage;
				CODE_SIGN_IDENTITY = "iPhone Developer";
				"CODE_SIGN_IDENTITY[sdk=iphoneos*]" = "iPhone Developer";
				GCC_PRECOMPILE_PREFIX_HEADER = YES;
				GCC_PREFIX_HEADER = "Beacon Party/Beacon Party-Prefix.pch";
				GCC_PREPROCESSOR_DEFINITIONS = (
					"DEBUG=1",
					"$(inherited)",
					DEBUG_LOGS,
				);
				INFOPLIST_FILE = "Beacon Party/Beacon Party-Info.plist";
				PRODUCT_NAME = "$(TARGET_NAME)";
				PROVISIONING_PROFILE = "";
				WRAPPER_EXTENSION = app;
			};
			name = Debug;
		};
		493EF5C219A9B04A0047A96B /* Release */ = {
			isa = XCBuildConfiguration;
			buildSettings = {
				ASSETCATALOG_COMPILER_APPICON_NAME = AppIcon;
				ASSETCATALOG_COMPILER_LAUNCHIMAGE_NAME = LaunchImage;
				CODE_SIGN_IDENTITY = "iPhone Developer";
				"CODE_SIGN_IDENTITY[sdk=iphoneos*]" = "iPhone Developer";
				GCC_PRECOMPILE_PREFIX_HEADER = YES;
				GCC_PREFIX_HEADER = "Beacon Party/Beacon Party-Prefix.pch";
				INFOPLIST_FILE = "Beacon Party/Beacon Party-Info.plist";
				PRODUCT_NAME = "$(TARGET_NAME)";
				PROVISIONING_PROFILE = "";
				WRAPPER_EXTENSION = app;
			};
			name = Release;
		};
		493EF5C419A9B04A0047A96B /* Debug */ = {
			isa = XCBuildConfiguration;
			buildSettings = {
				BUNDLE_LOADER = "$(BUILT_PRODUCTS_DIR)/Beacon Party.app/Beacon Party";
				FRAMEWORK_SEARCH_PATHS = (
					"$(SDKROOT)/Developer/Library/Frameworks",
					"$(inherited)",
					"$(DEVELOPER_FRAMEWORKS_DIR)",
				);
				GCC_PRECOMPILE_PREFIX_HEADER = YES;
				GCC_PREFIX_HEADER = "Beacon Party/Beacon Party-Prefix.pch";
				GCC_PREPROCESSOR_DEFINITIONS = (
					"DEBUG=1",
					"$(inherited)",
				);
				INFOPLIST_FILE = "Beacon PartyTests/Beacon PartyTests-Info.plist";
				PRODUCT_NAME = "$(TARGET_NAME)";
				TEST_HOST = "$(BUNDLE_LOADER)";
				WRAPPER_EXTENSION = xctest;
			};
			name = Debug;
		};
		493EF5C519A9B04A0047A96B /* Release */ = {
			isa = XCBuildConfiguration;
			buildSettings = {
				BUNDLE_LOADER = "$(BUILT_PRODUCTS_DIR)/Beacon Party.app/Beacon Party";
				FRAMEWORK_SEARCH_PATHS = (
					"$(SDKROOT)/Developer/Library/Frameworks",
					"$(inherited)",
					"$(DEVELOPER_FRAMEWORKS_DIR)",
				);
				GCC_PRECOMPILE_PREFIX_HEADER = YES;
				GCC_PREFIX_HEADER = "Beacon Party/Beacon Party-Prefix.pch";
				INFOPLIST_FILE = "Beacon PartyTests/Beacon PartyTests-Info.plist";
				PRODUCT_NAME = "$(TARGET_NAME)";
				TEST_HOST = "$(BUNDLE_LOADER)";
				WRAPPER_EXTENSION = xctest;
			};
			name = Release;
		};
/* End XCBuildConfiguration section */

/* Begin XCConfigurationList section */
		493EF57D19A9B04A0047A96B /* Build configuration list for PBXProject "Beacon Party" */ = {
			isa = XCConfigurationList;
			buildConfigurations = (
				493EF5BE19A9B04A0047A96B /* Debug */,
				493EF5BF19A9B04A0047A96B /* Release */,
			);
			defaultConfigurationIsVisible = 0;
			defaultConfigurationName = Release;
		};
		493EF5C019A9B04A0047A96B /* Build configuration list for PBXNativeTarget "Beacon Party" */ = {
			isa = XCConfigurationList;
			buildConfigurations = (
				493EF5C119A9B04A0047A96B /* Debug */,
				493EF5C219A9B04A0047A96B /* Release */,
			);
			defaultConfigurationIsVisible = 0;
			defaultConfigurationName = Release;
		};
		493EF5C319A9B04A0047A96B /* Build configuration list for PBXNativeTarget "Beacon PartyTests" */ = {
			isa = XCConfigurationList;
			buildConfigurations = (
				493EF5C419A9B04A0047A96B /* Debug */,
				493EF5C519A9B04A0047A96B /* Release */,
			);
			defaultConfigurationIsVisible = 0;
			defaultConfigurationName = Release;
		};
/* End XCConfigurationList section */

/* Begin XCVersionGroup section */
		493EF59F19A9B04A0047A96B /* Beacon_Party.xcdatamodeld */ = {
			isa = XCVersionGroup;
			children = (
				493EF5A019A9B04A0047A96B /* Beacon_Party.xcdatamodel */,
			);
			currentVersion = 493EF5A019A9B04A0047A96B /* Beacon_Party.xcdatamodel */;
			path = Beacon_Party.xcdatamodeld;
			sourceTree = "<group>";
			versionGroupType = wrapper.xcdatamodel;
		};
/* End XCVersionGroup section */
	};
	rootObject = 493EF57A19A9B04A0047A96B /* Project object */;
}
